Microsoft Visual Studio Solution File, Format Version 12.00
# Visual Studio 14
VisualStudioVersion = 14.0.25420.1
MinimumVisualStudioVersion = 10.0.40219.1
Project("{FAE04EC0-301F-11D3-BF4B-00C04F79EFBC}") = "Aspose.Slides.Cloud.Sdk", "Aspose.Slides.Cloud.Sdk\Aspose.Slides.Cloud.Sdk.csproj", "{4DC3F199-BCAC-4A0F-BCCB-2198CC72C13E}"
EndProject
Project("{FAE04EC0-301F-11D3-BF4B-00C04F79EFBC}") = "Aspose.Slides.Cloud.Sdk.Tests", "Aspose.Slides.Cloud.Sdk.Tests\Aspose.Slides.Cloud.Sdk.Tests.csproj", "{C9312C0A-8E65-4DE9-921C-2CFC02D01477}"
EndProject
Global
	GlobalSection(SolutionConfigurationPlatforms) = preSolution
		Debug|Any CPU = Debug|Any CPU
		Debug|NET2.0 = Debug|NET2.0
		Debug|NET3.5 = Debug|NET3.5
		Debug|NET4.6.1 = Debug|NET4.6.1
		Release|Any CPU = Release|Any CPU
		Release|NET2.0 = Release|NET2.0
		Release|NET3.5 = Release|NET3.5
		Release|NET4.6.1 = Release|NET4.6.1
	EndGlobalSection
	GlobalSection(ProjectConfigurationPlatforms) = postSolution
		{4DC3F199-BCAC-4A0F-BCCB-2198CC72C13E}.Debug|Any CPU.ActiveCfg = Debug|Any CPU
		{4DC3F199-BCAC-4A0F-BCCB-2198CC72C13E}.Debug|Any CPU.Build.0 = Debug|Any CPU
		{4DC3F199-BCAC-4A0F-BCCB-2198CC72C13E}.Debug|NET2.0.ActiveCfg = Debug|NET2.0
		{4DC3F199-BCAC-4A0F-BCCB-2198CC72C13E}.Debug|NET2.0.Build.0 = Debug|NET2.0
		{4DC3F199-BCAC-4A0F-BCCB-2198CC72C13E}.Debug|NET3.5.ActiveCfg = Debug|NET3.5
		{4DC3F199-BCAC-4A0F-BCCB-2198CC72C13E}.Debug|NET3.5.Build.0 = Debug|NET3.5
		{4DC3F199-BCAC-4A0F-BCCB-2198CC72C13E}.Debug|NET4.6.1.ActiveCfg = Debug|NET4.6.1
		{4DC3F199-BCAC-4A0F-BCCB-2198CC72C13E}.Debug|NET4.6.1.Build.0 = Debug|NET4.6.1
		{4DC3F199-BCAC-4A0F-BCCB-2198CC72C13E}.Release|Any CPU.ActiveCfg = Release|Any CPU
		{4DC3F199-BCAC-4A0F-BCCB-2198CC72C13E}.Release|Any CPU.Build.0 = Release|Any CPU
		{4DC3F199-BCAC-4A0F-BCCB-2198CC72C13E}.Release|NET2.0.ActiveCfg = Release|NET2.0
		{4DC3F199-BCAC-4A0F-BCCB-2198CC72C13E}.Release|NET2.0.Build.0 = Release|NET2.0
		{4DC3F199-BCAC-4A0F-BCCB-2198CC72C13E}.Release|NET3.5.ActiveCfg = Release|NET3.5
		{4DC3F199-BCAC-4A0F-BCCB-2198CC72C13E}.Release|NET3.5.Build.0 = Release|NET3.5
		{4DC3F199-BCAC-4A0F-BCCB-2198CC72C13E}.Release|NET4.6.1.ActiveCfg = Release|NET4.6.1
		{4DC3F199-BCAC-4A0F-BCCB-2198CC72C13E}.Release|NET4.6.1.Build.0 = Release|NET4.6.1
		{C9312C0A-8E65-4DE9-921C-2CFC02D01477}.Debug|Any CPU.ActiveCfg = Debug|Any CPU
		{C9312C0A-8E65-4DE9-921C-2CFC02D01477}.Debug|Any CPU.Build.0 = Debug|Any CPU
		{C9312C0A-8E65-4DE9-921C-2CFC02D01477}.Debug|NET2.0.ActiveCfg = Debug|Any CPU
		{C9312C0A-8E65-4DE9-921C-2CFC02D01477}.Debug|NET2.0.Build.0 = Debug|Any CPU
		{C9312C0A-8E65-4DE9-921C-2CFC02D01477}.Debug|NET3.5.ActiveCfg = Debug|Any CPU
		{C9312C0A-8E65-4DE9-921C-2CFC02D01477}.Debug|NET3.5.Build.0 = Debug|Any CPU
		{C9312C0A-8E65-4DE9-921C-2CFC02D01477}.Debug|NET4.6.1.ActiveCfg = Debug|Any CPU
		{C9312C0A-8E65-4DE9-921C-2CFC02D01477}.Debug|NET4.6.1.Build.0 = Debug|Any CPU
		{C9312C0A-8E65-4DE9-921C-2CFC02D01477}.Release|Any CPU.ActiveCfg = Release|Any CPU
		{C9312C0A-8E65-4DE9-921C-2CFC02D01477}.Release|Any CPU.Build.0 = Release|Any CPU
		{C9312C0A-8E65-4DE9-921C-2CFC02D01477}.Release|NET2.0.ActiveCfg = Release|Any CPU
		{C9312C0A-8E65-4DE9-921C-2CFC02D01477}.Release|NET2.0.Build.0 = Release|Any CPU
		{C9312C0A-8E65-4DE9-921C-2CFC02D01477}.Release|NET3.5.ActiveCfg = Release|Any CPU
		{C9312C0A-8E65-4DE9-921C-2CFC02D01477}.Release|NET3.5.Build.0 = Release|Any CPU
		{C9312C0A-8E65-4DE9-921C-2CFC02D01477}.Release|NET4.6.1.ActiveCfg = Release|Any CPU
		{C9312C0A-8E65-4DE9-921C-2CFC02D01477}.Release|NET4.6.1.Build.0 = Release|Any CPU
	EndGlobalSection
	GlobalSection(SolutionProperties) = preSolution
		HideSolutionNode = FALSE
	EndGlobalSection
EndGlobal
